<Solution>
  <Project Path="src/ANcpLua.Agents.Hosting.BitNet/ANcpLua.Agents.Hosting.BitNet.csproj" />
  <Project Path="src/ANcpLua.Agents.Hosting.BitNet.Generators/ANcpLua.Agents.Hosting.BitNet.Generators.csproj" />
  <Project Path="src/ANcpLua.Agents.Testing.BitNet/ANcpLua.Agents.Testing.BitNet.csproj" />
</Solution>
